<?xml version="1.0" encoding="utf-8"?>
<Project ToolsVersion="4.0" xmlns="http://schemas.microsoft.com/developer/msbuild/2003">
  <ItemGroup>
    <Filter Include="File di origine">
      <UniqueIdentifier>{4FC737F1-C7A5-4376-A066-2A32D752A2FF}</UniqueIdentifier>
      <Extensions>cpp;c;cc;cxx;c++;cppm;ixx;def;odl;idl;hpj;bat;asm;asmx</Extensions>
    </Filter>
    <Filter Include="File di intestazione">
      <UniqueIdentifier>{93995380-89BD-4b04-88EB-625FBE52EBFB}</UniqueIdentifier>
      <Extensions>h;hh;hpp;hxx;h++;hm;inl;inc;ipp;xsd</Extensions>
    </Filter>
    <Filter Include="File di risorse">
      <UniqueIdentifier>{67DA6AB6-F800-4c08-8B7A-83BB121AAD01}</UniqueIdentifier>
      <Extensions>rc;ico;cur;bmp;dlg;rc2;rct;bin;rgs;gif;jpg;jpeg;jpe;resx;tiff;tif;png;wav;mfcribbon-ms</Extensions>
    </Filter>
  </ItemGroup>
  <ItemGroup>
    <ClInclude Include="framework.h">
      <Filter>File di intestazione</Filter>
    </ClInclude>
    <ClInclude Include="targetver.h">
      <Filter>File di intestazione</Filter>
    </ClInclude>
    <ClInclude Include="Resource.h">
      <Filter>File di intestazione</Filter>
    </ClInclude>
    <ClInclude Include="wxBriscola.h">
      <Filter>File di intestazione</Filter>
    </ClInclude>
    <ClInclude Include="BriscoApp.h">
      <Filter>File di origine</Filter>
    </ClInclude>
    <ClInclude Include="BriscoFrame.h">
      <Filter>File di origine</Filter>
    </ClInclude>
    <ClInclude Include="BriscoPanel.h">
      <Filter>File di origine</Filter>
    </ClInclude>
    <ClInclude Include="carta.h">
      <Filter>File di origine</Filter>
    </ClInclude>
    <ClInclude Include="CartaAltaFrame.h">
      <Filter>File di origine</Filter>
    </ClInclude>
    <ClInclude Include="cartaHelper.h">
      <Filter>File di origine</Filter>
    </ClInclude>
    <ClInclude Include="cartaHelperBriscola.h">
      <Filter>File di origine</Filter>
    </ClInclude>
    <ClInclude Include="DoubleValidator.h">
      <Filter>File di origine</Filter>
    </ClInclude>
    <ClInclude Include="elaboratoreCarte.h">
      <Filter>File di origine</Filter>
    </ClInclude>
    <ClInclude Include="elaboratoreCarteBriscola.h">
      <Filter>File di origine</Filter>
    </ClInclude>
    <ClInclude Include="giocatore.h">
      <Filter>File di origine</Filter>
    </ClInclude>
    <ClInclude Include="giocatoreHelper.h">
      <Filter>File di origine</Filter>
    </ClInclude>
    <ClInclude Include="giocatoreHelperCpu.h">
      <Filter>File di origine</Filter>
    </ClInclude>
    <ClInclude Include="giocatoreHelperUtente.h">
      <Filter>File di origine</Filter>
    </ClInclude>
    <ClInclude Include="IntValidator.h">
      <Filter>File di origine</Filter>
    </ClInclude>
    <ClInclude Include="mazzo.h">
      <Filter>File di origine</Filter>
    </ClInclude>
    <ClInclude Include="OpzioniFrame.h">
      <Filter>File di origine</Filter>
    </ClInclude>
    <ClInclude Include="stringHelper.h">
      <Filter>File di origine</Filter>
    </ClInclude>
  </ItemGroup>
  <ItemGroup>
    <ResourceCompile Include="wxBriscola.rc">
      <Filter>File di risorse</Filter>
    </ResourceCompile>
  </ItemGroup>
  <ItemGroup>
    <Image Include="small.ico">
      <Filter>File di risorse</Filter>
    </Image>
    <Image Include="..\..\wxbriscola.old\wxBriscola.ico">
      <Filter>File di risorse</Filter>
    </Image>
  </ItemGroup>
  <ItemGroup>
    <ClCompile Include="..\..\wxbriscola.old\OpzioniFrame.cpp">
      <Filter>File di origine</Filter>
    </ClCompile>
    <ClCompile Include="BriscoApp.cpp">
      <Filter>File di origine</Filter>
    </ClCompile>
    <ClCompile Include="BriscoFrame.cpp">
      <Filter>File di origine</Filter>
    </ClCompile>
    <ClCompile Include="BriscoPanel.cpp">
      <Filter>File di origine</Filter>
    </ClCompile>
    <ClCompile Include="carta.cpp">
      <Filter>File di origine</Filter>
    </ClCompile>
    <ClCompile Include="CartaAltaFrame.cpp">
      <Filter>File di origine</Filter>
    </ClCompile>
    <ClCompile Include="DoubleValidator.cpp">
      <Filter>File di origine</Filter>
    </ClCompile>
    <ClCompile Include="elaboratoreCarteBriscola.cpp">
      <Filter>File di origine</Filter>
    </ClCompile>
    <ClCompile Include="giocatore.cpp">
      <Filter>File di origine</Filter>
    </ClCompile>
    <ClCompile Include="giocatoreHelperCpu.cpp">
      <Filter>File di origine</Filter>
    </ClCompile>
    <ClCompile Include="giocatoreHelperUtente.cpp">
      <Filter>File di origine</Filter>
    </ClCompile>
    <ClCompile Include="IntValidator.cpp">
      <Filter>File di origine</Filter>
    </ClCompile>
    <ClCompile Include="mazzo.cpp">
      <Filter>File di origine</Filter>
    </ClCompile>
  </ItemGroup>
  <ItemGroup>
    <None Include="packages.config" />
  </ItemGroup>
</Project>